
Microsoft Visual Studio Solution File, Format Version 12.00
# Visual Studio Version 17
VisualStudioVersion = 17.7.34018.315
MinimumVisualStudioVersion = 10.0.40219.1
Project("{9A19103F-16F7-4668-BE54-9A1E7A4F7556}") = "KingComicsAPI", "KingComicsAPI\KingComicsAPI.csproj", "{C90FDB0E-08EA-48A8-A0A0-C99F29C5CE38}"
EndProject
Global
	GlobalSection(SolutionConfigurationPlatforms) = preSolution
		Debug|Any CPU = Debug|Any CPU
		Release|Any CPU = Release|Any CPU
	EndGlobalSection
	GlobalSection(ProjectConfigurationPlatforms) = postSolution
		{C90FDB0E-08EA-48A8-A0A0-C99F29C5CE38}.Debug|Any CPU.ActiveCfg = Debug|Any CPU
		{C90FDB0E-08EA-48A8-A0A0-C99F29C5CE38}.Debug|Any CPU.Build.0 = Debug|Any CPU
		{C90FDB0E-08EA-48A8-A0A0-C99F29C5CE38}.Release|Any CPU.ActiveCfg = Release|Any CPU
		{C90FDB0E-08EA-48A8-A0A0-C99F29C5CE38}.Release|Any CPU.Build.0 = Release|Any CPU
	EndGlobalSection
	GlobalSection(SolutionProperties) = preSolution
		HideSolutionNode = FALSE
	EndGlobalSection
	GlobalSection(ExtensibilityGlobals) = postSolution
		SolutionGuid = {68CD347A-D94A-4CC3-9951-FEAF49AB772D}
	EndGlobalSection
EndGlobal
